
Microsoft Visual Studio Solution File, Format Version 12.00
# Visual Studio 2012
Project("{FAE04EC0-301F-11D3-BF4B-00C04F79EFBC}") = "ElswordVoice", "ElswordVoice.csproj", "{A43F70B8-80F2-462C-986A-6B88D79A6B82}"
EndProject
Global
	GlobalSection(SolutionConfigurationPlatforms) = preSolution
		Debug|Any CPU = Debug|Any CPU
		Release|Any CPU = Release|Any CPU
	EndGlobalSection
	GlobalSection(ProjectConfigurationPlatforms) = postSolution
		{A43F70B8-80F2-462C-986A-6B88D79A6B82}.Debug|Any CPU.ActiveCfg = Debug|Any CPU
		{A43F70B8-80F2-462C-986A-6B88D79A6B82}.Debug|Any CPU.Build.0 = Debug|Any CPU
		{A43F70B8-80F2-462C-986A-6B88D79A6B82}.Release|Any CPU.ActiveCfg = Release|Any CPU
		{A43F70B8-80F2-462C-986A-6B88D79A6B82}.Release|Any CPU.Build.0 = Release|Any CPU
	EndGlobalSection
	GlobalSection(SolutionProperties) = preSolution
		HideSolutionNode = FALSE
	EndGlobalSection
EndGlobal
